// !$*UTF8*$!
{
	archiveVersion = 1;
	classes = {
	};
	objectVersion = 46;
	objects = {

/* Begin PBXBuildFile section */
		8D1D60191EFEC39D00E76FC5 /* main.m in Sources */ = {isa = PBXBuildFile; fileRef = 8D1D60181EFEC39D00E76FC5 /* main.m */; };
		8D1D601C1EFEC39D00E76FC5 /* AppDelegate.m in Sources */ = {isa = PBXBuildFile; fileRef = 8D1D601B1EFEC39D00E76FC5 /* AppDelegate.m */; };
		8D1D601F1EFEC39D00E76FC5 /* ViewController.m in Sources */ = {isa = PBXBuildFile; fileRef = 8D1D601E1EFEC39D00E76FC5 /* ViewController.m */; };
		8D1D60221EFEC39D00E76FC5 /* Main.storyboard in Resources */ = {isa = PBXBuildFile; fileRef = 8D1D60201EFEC39D00E76FC5 /* Main.storyboard */; };
		8D1D60241EFEC39D00E76FC5 /* Assets.xcassets in Resources */ = {isa = PBXBuildFile; fileRef = 8D1D60231EFEC39D00E76FC5 /* Assets.xcassets */; };
		8D1D60271EFEC39D00E76FC5 /* LaunchScreen.storyboard in Resources */ = {isa = PBXBuildFile; fileRef = 8D1D60251EFEC39D00E76FC5 /* LaunchScreen.storyboard */; };
		8D1D60321EFEC39D00E76FC5 /* GameOfLifeTests.m in Sources */ = {isa = PBXBuildFile; fileRef = 8D1D60311EFEC39D00E76FC5 /* GameOfLifeTests.m */; };
		8D1D603D1EFEC39D00E76FC5 /* GameOfLifeUITests.m in Sources */ = {isa = PBXBuildFile; fileRef = 8D1D603C1EFEC39D00E76FC5 /* GameOfLifeUITests.m */; };
		8D1D60501EFEC3BB00E76FC5 /* SRQBedView.m in Sources */ = {isa = PBXBuildFile; fileRef = 8D1D604D1EFEC3BB00E76FC5 /* SRQBedView.m */; };
		8D1D60511EFEC3BB00E76FC5 /* SRQHouseView.m in Sources */ = {isa = PBXBuildFile; fileRef = 8D1D604F1EFEC3BB00E76FC5 /* SRQHouseView.m */; };
/* End PBXBuildFile section */

/* Begin PBXContainerItemProxy section */
		8D1D602E1EFEC39D00E76FC5 /* PBXContainerItemProxy */ = {
			isa = PBXContainerItemProxy;
			containerPortal = 8D1D600C1EFEC39D00E76FC5 /* Project object */;
			proxyType = 1;
			remoteGlobalIDString = 8D1D60131EFEC39D00E76FC5;
			remoteInfo = GameOfLife;
		};
		8D1D60391EFEC39D00E76FC5 /* PBXContainerItemProxy */ = {
			isa = PBXContainerItemProxy;
			containerPortal = 8D1D600C1EFEC39D00E76FC5 /* Project object */;
			proxyType = 1;
			remoteGlobalIDString = 8D1D60131EFEC39D00E76FC5;
			remoteInfo = GameOfLife;
		};
/* End PBXContainerItemProxy section */

/* Begin PBXFileReference section */
		8D1D60141EFEC39D00E76FC5 /* GameOfLife.app */ = {isa = PBXFileReference; explicitFileType = wrapper.application; includeInIndex = 0; path = GameOfLife.app; sourceTree = BUILT_PRODUCTS_DIR; };
		8D1D60181EFEC39D00E76FC5 /* main.m */ = {isa = PBXFileReference; lastKnownFileType = sourcecode.c.objc; path = main.m; sourceTree = "<group>"; };
		8D1D601A1EFEC39D00E76FC5 /* AppDelegate.h */ = {isa = PBXFileReference; lastKnownFileType = sourcecode.c.h; path = AppDelegate.h; sourceTree = "<group>"; };
		8D1D601B1EFEC39D00E76FC5 /* AppDelegate.m */ = {isa = PBXFileReference; lastKnownFileType = sourcecode.c.objc; path = AppDelegate.m; sourceTree = "<group>"; };
		8D1D601D1EFEC39D00E76FC5 /* ViewController.h */ = {isa = PBXFileReference; lastKnownFileType = sourcecode.c.h; path = ViewController.h; sourceTree = "<group>"; };
		8D1D601E1EFEC39D00E76FC5 /* ViewController.m */ = {isa = PBXFileReference; lastKnownFileType = sourcecode.c.objc; path = ViewController.m; sourceTree = "<group>"; };
		8D1D60211EFEC39D00E76FC5 /* Base */ = {isa = PBXFileReference; lastKnownFileType = file.storyboard; name = Base; path = Base.lproj/Main.storyboard; sourceTree = "<group>"; };
		8D1D60231EFEC39D00E76FC5 /* Assets.xcassets */ = {isa = PBXFileReference; lastKnownFileType = folder.assetcatalog; path = Assets.xcassets; sourceTree = "<group>"; };
		8D1D60261EFEC39D00E76FC5 /* Base */ = {isa = PBXFileReference; lastKnownFileType = file.storyboard; name = Base; path = Base.lproj/LaunchScreen.storyboard; sourceTree = "<group>"; };
		8D1D60281EFEC39D00E76FC5 /* Info.plist */ = {isa = PBXFileReference; lastKnownFileType = text.plist.xml; path = Info.plist; sourceTree = "<group>"; };
		8D1D602D1EFEC39D00E76FC5 /* GameOfLifeTests.xctest */ = {isa = PBXFileReference; explicitFileType = wrapper.cfbundle; includeInIndex = 0; path = GameOfLifeTests.xctest; sourceTree = BUILT_PRODUCTS_DIR; };
		8D1D60311EFEC39D00E76FC5 /* GameOfLifeTests.m */ = {isa = PBXFileReference; lastKnownFileType = sourcecode.c.objc; path = GameOfLifeTests.m; sourceTree = "<group>"; };
		8D1D60331EFEC39D00E76FC5 /* Info.plist */ = {isa = PBXFileReference; lastKnownFileType = text.plist.xml; path = Info.plist; sourceTree = "<group>"; };
		8D1D60381EFEC39D00E76FC5 /* GameOfLifeUITests.xctest */ = {isa = PBXFileReference; explicitFileType = wrapper.cfbundle; includeInIndex = 0; path = GameOfLifeUITests.xctest; sourceTree = BUILT_PRODUCTS_DIR; };
		8D1D603C1EFEC39D00E76FC5 /* GameOfLifeUITests.m */ = {isa = PBXFileReference; lastKnownFileType = sourcecode.c.objc; path = GameOfLifeUITests.m; sourceTree = "<group>"; };
		8D1D603E1EFEC39D00E76FC5 /* Info.plist */ = {isa = PBXFileReference; lastKnownFileType = text.plist.xml; path = Info.plist; sourceTree = "<group>"; };
		8D1D604C1EFEC3BB00E76FC5 /* SRQBedView.h */ = {isa = PBXFileReference; fileEncoding = 4; lastKnownFileType = sourcecode.c.h; path = SRQBedView.h; sourceTree = "<group>"; };
		8D1D604D1EFEC3BB00E76FC5 /* SRQBedView.m */ = {isa = PBXFileReference; fileEncoding = 4; lastKnownFileType = sourcecode.c.objc; path = SRQBedView.m; sourceTree = "<group>"; };
		8D1D604E1EFEC3BB00E76FC5 /* SRQHouseView.h */ = {isa = PBXFileReference; fileEncoding = 4; lastKnownFileType = sourcecode.c.h; path = SRQHouseView.h; sourceTree = "<group>"; };
		8D1D604F1EFEC3BB00E76FC5 /* SRQHouseView.m */ = {isa = PBXFileReference; fileEncoding = 4; lastKnownFileType = sourcecode.c.objc; path = SRQHouseView.m; sourceTree = "<group>"; };
		8D1D60531EFED2EE00E76FC5 /* PrefixHeader.pch */ = {isa = PBXFileReference; fileEncoding = 4; lastKnownFileType = sourcecode.c.h; path = PrefixHeader.pch; sourceTree = "<group>"; };
		8D1D60551EFEE35E00E76FC5 /* CoreFoundation.framework */ = {isa = PBXFileReference; lastKnownFileType = wrapper.framework; name = CoreFoundation.framework; path = System/Library/Frameworks/CoreFoundation.framework; sourceTree = SDKROOT; };
/* End PBXFileReference section */

/* Begin PBXFrameworksBuildPhase section */
		8D1D60111EFEC39D00E76FC5 /* Frameworks */ = {
			isa = PBXFrameworksBuildPhase;
			buildActionMask = 2147483647;
			files = (
			);
			runOnlyForDeploymentPostprocessing = 0;
		};
		8D1D602A1EFEC39D00E76FC5 /* Frameworks */ = {
			isa = PBXFrameworksBuildPhase;
			buildActionMask = 2147483647;
			files = (
			);
			runOnlyForDeploymentPostprocessing = 0;
		};
		8D1D60351EFEC39D00E76FC5 /* Frameworks */ = {
			isa = PBXFrameworksBuildPhase;
			buildActionMask = 2147483647;
			files = (
			);
			runOnlyForDeploymentPostprocessing = 0;
		};
/* End PBXFrameworksBuildPhase section */

/* Begin PBXGroup section */
		8D1D600B1EFEC39D00E76FC5 = {
			isa = PBXGroup;
			children = (
				8D1D60161EFEC39D00E76FC5 /* GameOfLife */,
				8D1D60301EFEC39D00E76FC5 /* GameOfLifeTests */,
				8D1D603B1EFEC39D00E76FC5 /* GameOfLifeUITests */,
				8D1D60151EFEC39D00E76FC5 /* Products */,
				8D1D60541EFEE35E00E76FC5 /* Frameworks */,
			);
			sourceTree = "<group>";
		};
		8D1D60151EFEC39D00E76FC5 /* Products */ = {
			isa = PBXGroup;
			children = (
				8D1D60141EFEC39D00E76FC5 /* GameOfLife.app */,
				8D1D602D1EFEC39D00E76FC5 /* GameOfLifeTests.xctest */,
				8D1D60381EFEC39D00E76FC5 /* GameOfLifeUITests.xctest */,
			);
			name = Products;
			sourceTree = "<group>";
		};
		8D1D60161EFEC39D00E76FC5 /* GameOfLife */ = {
			isa = PBXGroup;
			children = (
				8D1D604A1EFEC3BB00E76FC5 /* GameOfLife */,
				8D1D601A1EFEC39D00E76FC5 /* AppDelegate.h */,
				8D1D601B1EFEC39D00E76FC5 /* AppDelegate.m */,
				8D1D601D1EFEC39D00E76FC5 /* ViewController.h */,
				8D1D601E1EFEC39D00E76FC5 /* ViewController.m */,
				8D1D60201EFEC39D00E76FC5 /* Main.storyboard */,
				8D1D60231EFEC39D00E76FC5 /* Assets.xcassets */,
				8D1D60251EFEC39D00E76FC5 /* LaunchScreen.storyboard */,
				8D1D60281EFEC39D00E76FC5 /* Info.plist */,
				8D1D60171EFEC39D00E76FC5 /* Supporting Files */,
			);
			path = GameOfLife;
			sourceTree = "<group>";
		};
		8D1D60171EFEC39D00E76FC5 /* Supporting Files */ = {
			isa = PBXGroup;
			children = (
				8D1D60181EFEC39D00E76FC5 /* main.m */,
			);
			name = "Supporting Files";
			sourceTree = "<group>";
		};
		8D1D60301EFEC39D00E76FC5 /* GameOfLifeTests */ = {
			isa = PBXGroup;
			children = (
				8D1D60311EFEC39D00E76FC5 /* GameOfLifeTests.m */,
				8D1D60331EFEC39D00E76FC5 /* Info.plist */,
			);
			path = GameOfLifeTests;
			sourceTree = "<group>";
		};
		8D1D603B1EFEC39D00E76FC5 /* GameOfLifeUITests */ = {
			isa = PBXGroup;
			children = (
				8D1D603C1EFEC39D00E76FC5 /* GameOfLifeUITests.m */,
				8D1D603E1EFEC39D00E76FC5 /* Info.plist */,
			);
			path = GameOfLifeUITests;
			sourceTree = "<group>";
		};
		8D1D604A1EFEC3BB00E76FC5 /* GameOfLife */ = {
			isa = PBXGroup;
			children = (
				8D1D60531EFED2EE00E76FC5 /* PrefixHeader.pch */,
				8D1D604C1EFEC3BB00E76FC5 /* SRQBedView.h */,
				8D1D604D1EFEC3BB00E76FC5 /* SRQBedView.m */,
				8D1D604E1EFEC3BB00E76FC5 /* SRQHouseView.h */,
				8D1D604F1EFEC3BB00E76FC5 /* SRQHouseView.m */,
			);
			path = GameOfLife;
			sourceTree = "<group>";
		};
		8D1D60541EFEE35E00E76FC5 /* Frameworks */ = {
			isa = PBXGroup;
			children = (
				8D1D60551EFEE35E00E76FC5 /* CoreFoundation.framework */,
			);
			name = Frameworks;
			sourceTree = "<group>";
		};
/* End PBXGroup section */

/* Begin PBXNativeTarget section */
		8D1D60131EFEC39D00E76FC5 /* GameOfLife */ = {
			isa = PBXNativeTarget;
			buildConfigurationList = 8D1D60411EFEC39D00E76FC5 /* Build configuration list for PBXNativeTarget "GameOfLife" */;
			buildPhases = (
				8D1D60101EFEC39D00E76FC5 /* Sources */,
				8D1D60111EFEC39D00E76FC5 /* Frameworks */,
				8D1D60121EFEC39D00E76FC5 /* Resources */,
			);
			buildRules = (
			);
			dependencies = (
			);
			name = GameOfLife;
			productName = GameOfLife;
			productReference = 8D1D60141EFEC39D00E76FC5 /* GameOfLife.app */;
			productType = "com.apple.product-type.application";
		};
		8D1D602C1EFEC39D00E76FC5 /* GameOfLifeTests */ = {
			isa = PBXNativeTarget;
			buildConfigurationList = 8D1D60441EFEC39D00E76FC5 /* Build configuration list for PBXNativeTarget "GameOfLifeTests" */;
			buildPhases = (
				8D1D60291EFEC39D00E76FC5 /* Sources */,
				8D1D602A1EFEC39D00E76FC5 /* Frameworks */,
				8D1D602B1EFEC39D00E76FC5 /* Resources */,
			);
			buildRules = (
			);
			dependencies = (
				8D1D602F1EFEC39D00E76FC5 /* PBXTargetDependency */,
			);
			name = GameOfLifeTests;
			productName = GameOfLifeTests;
			productReference = 8D1D602D1EFEC39D00E76FC5 /* GameOfLifeTests.xctest */;
			productType = "com.apple.product-type.bundle.unit-test";
		};
		8D1D60371EFEC39D00E76FC5 /* GameOfLifeUITests */ = {
			isa = PBXNativeTarget;
			buildConfigurationList = 8D1D60471EFEC39D00E76FC5 /* Build configuration list for PBXNativeTarget "GameOfLifeUITests" */;
			buildPhases = (
				8D1D60341EFEC39D00E76FC5 /* Sources */,
				8D1D60351EFEC39D00E76FC5 /* Frameworks */,
				8D1D60361EFEC39D00E76FC5 /* Resources */,
			);
			buildRules = (
			);
			dependencies = (
				8D1D603A1EFEC39D00E76FC5 /* PBXTargetDependency */,
			);
			name = GameOfLifeUITests;
			productName = GameOfLifeUITests;
			productReference = 8D1D60381EFEC39D00E76FC5 /* GameOfLifeUITests.xctest */;
			productType = "com.apple.product-type.bundle.ui-testing";
		};
/* End PBXNativeTarget section */

/* Begin PBXProject section */
		8D1D600C1EFEC39D00E76FC5 /* Project object */ = {
			isa = PBXProject;
			attributes = {
				LastUpgradeCheck = 0830;
				ORGANIZATIONNAME = sunrongqian;
				TargetAttributes = {
					8D1D60131EFEC39D00E76FC5 = {
						CreatedOnToolsVersion = 8.3.2;
						ProvisioningStyle = Automatic;
					};
					8D1D602C1EFEC39D00E76FC5 = {
						CreatedOnToolsVersion = 8.3.2;
						ProvisioningStyle = Automatic;
						TestTargetID = 8D1D60131EFEC39D00E76FC5;
					};
					8D1D60371EFEC39D00E76FC5 = {
						CreatedOnToolsVersion = 8.3.2;
						ProvisioningStyle = Automatic;
						TestTargetID = 8D1D60131EFEC39D00E76FC5;
					};
				};
			};
			buildConfigurationList = 8D1D600F1EFEC39D00E76FC5 /* Build configuration list for PBXProject "GameOfLife" */;
			compatibilityVersion = "Xcode 3.2";
			developmentRegion = English;
			hasScannedForEncodings = 0;
			knownRegions = (
				en,
				Base,
			);
			mainGroup = 8D1D600B1EFEC39D00E76FC5;
			productRefGroup = 8D1D60151EFEC39D00E76FC5 /* Products */;
			projectDirPath = "";
			projectRoot = "";
			targets = (
				8D1D60131EFEC39D00E76FC5 /* GameOfLife */,
				8D1D602C1EFEC39D00E76FC5 /* GameOfLifeTests */,
				8D1D60371EFEC39D00E76FC5 /* GameOfLifeUITests */,
			);
		};
/* End PBXProject section */

/* Begin PBXResourcesBuildPhase section */
		8D1D60121EFEC39D00E76FC5 /* Resources */ = {
			isa = PBXResourcesBuildPhase;
			buildActionMask = 2147483647;
			files = (
				8D1D60271EFEC39D00E76FC5 /* LaunchScreen.storyboard in Resources */,
				8D1D60241EFEC39D00E76FC5 /* Assets.xcassets in Resources */,
				8D1D60221EFEC39D00E76FC5 /* Main.storyboard in Resources */,
			);
			runOnlyForDeploymentPostprocessing = 0;
		};
		8D1D602B1EFEC39D00E76FC5 /* Resources */ = {
			isa = PBXResourcesBuildPhase;
			buildActionMask = 2147483647;
			files = (
			);
			runOnlyForDeploymentPostprocessing = 0;
		};
		8D1D60361EFEC39D00E76FC5 /* Resources */ = {
			isa = PBXResourcesBuildPhase;
			buildActionMask = 2147483647;
			files = (
			);
			runOnlyForDeploymentPostprocessing = 0;
		};
/* End PBXResourcesBuildPhase section */

/* Begin PBXSourcesBuildPhase section */
		8D1D60101EFEC39D00E76FC5 /* Sources */ = {
			isa = PBXSourcesBuildPhase;
			buildActionMask = 2147483647;
			files = (
				8D1D601F1EFEC39D00E76FC5 /* ViewController.m in Sources */,
				8D1D601C1EFEC39D00E76FC5 /* AppDelegate.m in Sources */,
				8D1D60191EFEC39D00E76FC5 /* main.m in Sources */,
				8D1D60511EFEC3BB00E76FC5 /* SRQHouseView.m in Sources */,
				8D1D60501EFEC3BB00E76FC5 /* SRQBedView.m in Sources */,
			);
			runOnlyForDeploymentPostprocessing = 0;
		};
		8D1D60291EFEC39D00E76FC5 /* Sources */ = {
			isa = PBXSourcesBuildPhase;
			buildActionMask = 2147483647;
			files = (
				8D1D60321EFEC39D00E76FC5 /* GameOfLifeTests.m in Sources */,
			);
			runOnlyForDeploymentPostprocessing = 0;
		};
		8D1D60341EFEC39D00E76FC5 /* Sources */ = {
			isa = PBXSourcesBuildPhase;
			buildActionMask = 2147483647;
			files = (
				8D1D603D1EFEC39D00E76FC5 /* GameOfLifeUITests.m in Sources */,
			);
			runOnlyForDeploymentPostprocessing = 0;
		};
/* End PBXSourcesBuildPhase section */

/* Begin PBXTargetDependency section */
		8D1D602F1EFEC39D00E76FC5 /* PBXTargetDependency */ = {
			isa = PBXTargetDependency;
			target = 8D1D60131EFEC39D00E76FC5 /* GameOfLife */;
			targetProxy = 8D1D602E1EFEC39D00E76FC5 /* PBXContainerItemProxy */;
		};
		8D1D603A1EFEC39D00E76FC5 /* PBXTargetDependency */ = {
			isa = PBXTargetDependency;
			target = 8D1D60131EFEC39D00E76FC5 /* GameOfLife */;
			targetProxy = 8D1D60391EFEC39D00E76FC5 /* PBXContainerItemProxy */;
		};
/* End PBXTargetDependency section */

/* Begin PBXVariantGroup section */
		8D1D60201EFEC39D00E76FC5 /* Main.storyboard */ = {
			isa = PBXVariantGroup;
			children = (
				8D1D60211EFEC39D00E76FC5 /* Base */,
			);
			name = Main.storyboard;
			sourceTree = "<group>";
		};
		8D1D60251EFEC39D00E76FC5 /* LaunchScreen.storyboard */ = {
			isa = PBXVariantGroup;
			children = (
				8D1D60261EFEC39D00E76FC5 /* Base */,
			);
			name = LaunchScreen.storyboard;
			sourceTree = "<group>";
		};
/* End PBXVariantGroup section */

/* Begin XCBuildConfiguration section */
		8D1D603F1EFEC39D00E76FC5 /* Debug */ = {
			isa = XCBuildConfiguration;
			buildSettings = {
				ALWAYS_SEARCH_USER_PATHS = NO;
				CLANG_ANALYZER_NONNULL = YES;
				CLANG_ANALYZER_NUMBER_OBJECT_CONVERSION = YES_AGGRESSIVE;
				CLANG_CXX_LANGUAGE_STANDARD = "gnu++0x";
				CLANG_CXX_LIBRARY = "libc++";
				CLANG_ENABLE_MODULES = YES;
				CLANG_ENABLE_OBJC_ARC = YES;
				CLANG_WARN_BOOL_CONVERSION = YES;
				CLANG_WARN_CONSTANT_CONVERSION = YES;
				CLANG_WARN_DIRECT_OBJC_ISA_USAGE = YES_ERROR;
				CLANG_WARN_DOCUMENTATION_COMMENTS = YES;
				CLANG_WARN_EMPTY_BODY = YES;
				CLANG_WARN_ENUM_CONVERSION = YES;
				CLANG_WARN_INFINITE_RECURSION = YES;
				CLANG_WARN_INT_CONVERSION = YES;
				CLANG_WARN_OBJC_ROOT_CLASS = YES_ERROR;
				CLANG_WARN_SUSPICIOUS_MOVE = YES;
				CLANG_WARN_UNREACHABLE_CODE = YES;
				CLANG_WARN__DUPLICATE_METHOD_MATCH = YES;
				"CODE_SIGN_IDENTITY[sdk=iphoneos*]" = "iPhone Developer";
				COPY_PHASE_STRIP = NO;
				DEBUG_INFORMATION_FORMAT = dwarf;
				ENABLE_STRICT_OBJC_MSGSEND = YES;
				ENABLE_TESTABILITY = YES;
				GCC_C_LANGUAGE_STANDARD = gnu99;
				GCC_DYNAMIC_NO_PIC = NO;
				GCC_NO_COMMON_BLOCKS = YES;
				GCC_OPTIMIZATION_LEVEL = 0;
				GCC_PREPROCESSOR_DEFINITIONS = (
					"DEBUG=1",
					"$(inherited)",
				);
				GCC_WARN_64_TO_32_BIT_CONVERSION = YES;
				GCC_WARN_ABOUT_RETURN_TYPE = YES_ERROR;
				GCC_WARN_UNDECLARED_SELECTOR = YES;
				GCC_WARN_UNINITIALIZED_AUTOS = YES_AGGRESSIVE;
				GCC_WARN_UNUSED_FUNCTION = YES;
				GCC_WARN_UNUSED_VARIABLE = YES;
				IPHONEOS_DEPLOYMENT_TARGET = 10.3;
				MTL_ENABLE_DEBUG_INFO = YES;
				ONLY_ACTIVE_ARCH = YES;
				SDKROOT = iphoneos;
				TARGETED_DEVICE_FAMILY = "1,2";
			};
			name = Debug;
		};
		8D1D60401EFEC39D00E76FC5 /* Release */ = {
			isa = XCBuildConfiguration;
			buildSettings = {
				ALWAYS_SEARCH_USER_PATHS = NO;
				CLANG_ANALYZER_NONNULL = YES;
				CLANG_ANALYZER_NUMBER_OBJECT_CONVERSION = YES_AGGRESSIVE;
				CLANG_CXX_LANGUAGE_STANDARD = "gnu++0x";
				CLANG_CXX_LIBRARY = "libc++";
				CLANG_ENABLE_MODULES = YES;
				CLANG_ENABLE_OBJC_ARC = YES;
				CLANG_WARN_BOOL_CONVERSION = YES;
				CLANG_WARN_CONSTANT_CONVERSION = YES;
				CLANG_WARN_DIRECT_OBJC_ISA_USAGE = YES_ERROR;
				CLANG_WARN_DOCUMENTATION_COMMENTS = YES;
				CLANG_WARN_EMPTY_BODY = YES;
				CLANG_WARN_ENUM_CONVERSION = YES;
				CLANG_WARN_INFINITE_RECURSION = YES;
				CLANG_WARN_INT_CONVERSION = YES;
				CLANG_WARN_OBJC_ROOT_CLASS = YES_ERROR;
				CLANG_WARN_SUSPICIOUS_MOVE = YES;
				CLANG_WARN_UNREACHABLE_CODE = YES;
				CLANG_WARN__DUPLICATE_METHOD_MATCH = YES;
				"CODE_SIGN_IDENTITY[sdk=iphoneos*]" = "iPhone Developer";
				COPY_PHASE_STRIP = NO;
				DEBUG_INFORMATION_FORMAT = "dwarf-with-dsym";
				ENABLE_NS_ASSERTIONS = NO;
				ENABLE_STRICT_OBJC_MSGSEND = YES;
				GCC_C_LANGUAGE_STANDARD = gnu99;
				GCC_NO_COMMON_BLOCKS = YES;
				GCC_WARN_64_TO_32_BIT_CONVERSION = YES;
				GCC_WARN_ABOUT_RETURN_TYPE = YES_ERROR;
				GCC_WARN_UNDECLARED_SELECTOR = YES;
				GCC_WARN_UNINITIALIZED_AUTOS = YES_AGGRESSIVE;
				GCC_WARN_UNUSED_FUNCTION = YES;
				GCC_WARN_UNUSED_VARIABLE = YES;
				IPHONEOS_DEPLOYMENT_TARGET = 10.3;
				MTL_ENABLE_DEBUG_INFO = NO;
				SDKROOT = iphoneos;
				TARGETED_DEVICE_FAMILY = "1,2";
				VALIDATE_PRODUCT = YES;
			};
			name = Release;
		};
		8D1D60421EFEC39D00E76FC5 /* Debug */ = {
			isa = XCBuildConfiguration;
			buildSettings = {
				ASSETCATALOG_COMPILER_APPICON_NAME = AppIcon;
				GCC_PREFIX_HEADER = "$(SRCROOT)/$(PRODUCT_NAME)/GameOfLife/PrefixHeader.pch";
				HEADER_SEARCH_PATHS = "";
				INFOPLIST_FILE = GameOfLife/Info.plist;
				LD_RUNPATH_SEARCH_PATHS = "$(inherited) @executable_path/Frameworks";
				PRODUCT_BUNDLE_IDENTIFIER = com.sunrongqian.GameOfLife;
				PRODUCT_NAME = "$(TARGET_NAME)";
			};
			name = Debug;
		};
		8D1D60431EFEC39D00E76FC5 /* Release */ = {
			isa = XCBuildConfiguration;
			buildSettings = {
				ASSETCATALOG_COMPILER_APPICON_NAME = AppIcon;
				GCC_PREFIX_HEADER = "$(SRCROOT)/$(PRODUCT_NAME)/GameOfLife/PrefixHeader.pch";
				HEADER_SEARCH_PATHS = "";
				INFOPLIST_FILE = GameOfLife/Info.plist;
				LD_RUNPATH_SEARCH_PATHS = "$(inherited) @executable_path/Frameworks";
				PRODUCT_BUNDLE_IDENTIFIER = com.sunrongqian.GameOfLife;
				PRODUCT_NAME = "$(TARGET_NAME)";
			};
			name = Release;
		};
		8D1D60451EFEC39D00E76FC5 /* Debug */ = {
			isa = XCBuildConfiguration;
			buildSettings = {
				BUNDLE_LOADER = "$(TEST_HOST)";
				INFOPLIST_FILE = GameOfLifeTests/Info.plist;
				LD_RUNPATH_SEARCH_PATHS = "$(inherited) @executable_path/Frameworks @loader_path/Frameworks";
				PRODUCT_BUNDLE_IDENTIFIER = com.sunrongqian.GameOfLifeTests;
				PRODUCT_NAME = "$(TARGET_NAME)";
				TEST_HOST = "$(BUILT_PRODUCTS_DIR)/GameOfLife.app/GameOfLife";
			};
			name = Debug;
		};
		8D1D60461EFEC39D00E76FC5 /* Release */ = {
			isa = XCBuildConfiguration;
			buildSettings = {
				BUNDLE_LOADER = "$(TEST_HOST)";
				INFOPLIST_FILE = GameOfLifeTests/Info.plist;
				LD_RUNPATH_SEARCH_PATHS = "$(inherited) @executable_path/Frameworks @loader_path/Frameworks";
				PRODUCT_BUNDLE_IDENTIFIER = com.sunrongqian.GameOfLifeTests;
				PRODUCT_NAME = "$(TARGET_NAME)";
				TEST_HOST = "$(BUILT_PRODUCTS_DIR)/GameOfLife.app/GameOfLife";
			};
			name = Release;
		};
		8D1D60481EFEC39D00E76FC5 /* Debug */ = {
			isa = XCBuildConfiguration;
			buildSettings = {
				INFOPLIST_FILE = GameOfLifeUITests/Info.plist;
				LD_RUNPATH_SEARCH_PATHS = "$(inherited) @executable_path/Frameworks @loader_path/Frameworks";
				PRODUCT_BUNDLE_IDENTIFIER = com.sunrongqian.GameOfLifeUITests;
				PRODUCT_NAME = "$(TARGET_NAME)";
				TEST_TARGET_NAME = GameOfLife;
			};
			name = Debug;
		};
		8D1D60491EFEC39D00E76FC5 /* Release */ = {
			isa = XCBuildConfiguration;
			buildSettings = {
				INFOPLIST_FILE = GameOfLifeUITests/Info.plist;
				LD_RUNPATH_SEARCH_PATHS = "$(inherited) @executable_path/Frameworks @loader_path/Frameworks";
				PRODUCT_BUNDLE_IDENTIFIER = com.sunrongqian.GameOfLifeUITests;
				PRODUCT_NAME = "$(TARGET_NAME)";
				TEST_TARGET_NAME = GameOfLife;
			};
			name = Release;
		};
/* End XCBuildConfiguration section */

/* Begin XCConfigurationList section */
		8D1D600F1EFEC39D00E76FC5 /* Build configuration list for PBXProject "GameOfLife" */ = {
			isa = XCConfigurationList;
			buildConfigurations = (
				8D1D603F1EFEC39D00E76FC5 /* Debug */,
				8D1D60401EFEC39D00E76FC5 /* Release */,
			);
			defaultConfigurationIsVisible = 0;
			defaultConfigurationName = Release;
		};
		8D1D60411EFEC39D00E76FC5 /* Build configuration list for PBXNativeTarget "GameOfLife" */ = {
			isa = XCConfigurationList;
			buildConfigurations = (
				8D1D60421EFEC39D00E76FC5 /* Debug */,
				8D1D60431EFEC39D00E76FC5 /* Release */,
			);
			defaultConfigurationIsVisible = 0;
			defaultConfigurationName = Release;
		};
		8D1D60441EFEC39D00E76FC5 /* Build configuration list for PBXNativeTarget "GameOfLifeTests" */ = {
			isa = XCConfigurationList;
			buildConfigurations = (
				8D1D60451EFEC39D00E76FC5 /* Debug */,
				8D1D60461EFEC39D00E76FC5 /* Release */,
			);
			defaultConfigurationIsVisible = 0;
			defaultConfigurationName = Release;
		};
		8D1D60471EFEC39D00E76FC5 /* Build configuration list for PBXNativeTarget "GameOfLifeUITests" */ = {
			isa = XCConfigurationList;
			buildConfigurations = (
				8D1D60481EFEC39D00E76FC5 /* Debug */,
				8D1D60491EFEC39D00E76FC5 /* Release */,
			);
			defaultConfigurationIsVisible = 0;
			defaultConfigurationName = Release;
		};
/* End XCConfigurationList section */
	};
	rootObject = 8D1D600C1EFEC39D00E76FC5 /* Project object */;
}
